{
    "_readme": [
        "This file locks the dependencies of your project to a known state",
        "Read more about it at https://getcomposer.org/doc/01-basic-usage.md#installing-dependencies",
        "This file is @generated automatically"
    ],
    "content-hash": "9c7860cb312d77c500d83dc9d33e3443",
    "packages": [
        {
            "name": "hasirciogli/hdb",
            "version": "1.0.1",
            "source": {
                "type": "git",
                "url": "https://github.com/hasirciogli/HDB.git",
                "reference": "fd257a8ade488c7e505e665091a5c80cb2b0bd1c"
            },
            "dist": {
                "type": "zip",
                "url": "https://api.github.com/repos/hasirciogli/HDB/zipball/fd257a8ade488c7e505e665091a5c80cb2b0bd1c",
                "reference": "fd257a8ade488c7e505e665091a5c80cb2b0bd1c",
                "shasum": ""
            },
            "type": "library",
            "autoload": {
                "psr-4": {
                    "Hasirciogli\\Hdb\\": "src/"
                }
            },
            "notification-url": "https://packagist.org/downloads/",
            "license": [
                "MIT"
            ],
            "authors": [
                {
                    "name": "Mustafa Hasırcıoğlu",
                    "email": "mhasirciogli@gmail.com"
                }
            ],
            "description": "Database class like laravel database",
            "support": {
                "issues": "https://github.com/hasirciogli/HDB/issues",
                "source": "https://github.com/hasirciogli/HDB/tree/1.0.1"
            },
            "time": "2023-10-09T07:07:04+00:00"
        }
    ],
    "packages-dev": [],
    "aliases": [],
    "minimum-stability": "stable",
    "stability-flags": [],
    "prefer-stable": false,
    "prefer-lowest": false,
    "platform": [],
    "platform-dev": [],
    "plugin-api-version": "2.3.0"
}
